
Microsoft Visual Studio Solution File, Format Version 12.00
# Visual Studio Version 16
VisualStudioVersion = 16.0.29503.13
MinimumVisualStudioVersion = 10.0.40219.1
Project("{8BC9CEB8-8B4A-11D0-8D11-00A0C91BC942}") = "LRU", "LRU.vcxproj", "{8815E263-2D2A-4490-86FE-4BE7D7AA980F}"
EndProject
Global
	GlobalSection(SolutionConfigurationPlatforms) = preSolution
		Debug|x64 = Debug|x64
		Debug|x86 = Debug|x86
		Release|x64 = Release|x64
		Release|x86 = Release|x86
	EndGlobalSection
	GlobalSection(ProjectConfigurationPlatforms) = postSolution
		{8815E263-2D2A-4490-86FE-4BE7D7AA980F}.Debug|x64.ActiveCfg = Debug|x64
		{8815E263-2D2A-4490-86FE-4BE7D7AA980F}.Debug|x64.Build.0 = Debug|x64
		{8815E263-2D2A-4490-86FE-4BE7D7AA980F}.Debug|x86.ActiveCfg = Debug|Win32
		{8815E263-2D2A-4490-86FE-4BE7D7AA980F}.Debug|x86.Build.0 = Debug|Win32
		{8815E263-2D2A-4490-86FE-4BE7D7AA980F}.Release|x64.ActiveCfg = Release|x64
		{8815E263-2D2A-4490-86FE-4BE7D7AA980F}.Release|x64.Build.0 = Release|x64
		{8815E263-2D2A-4490-86FE-4BE7D7AA980F}.Release|x86.ActiveCfg = Release|Win32
		{8815E263-2D2A-4490-86FE-4BE7D7AA980F}.Release|x86.Build.0 = Release|Win32
	EndGlobalSection
	GlobalSection(SolutionProperties) = preSolution
		HideSolutionNode = FALSE
	EndGlobalSection
	GlobalSection(ExtensibilityGlobals) = postSolution
		SolutionGuid = {FCCE90B9-D890-4982-B814-94B36FD341C5}
	EndGlobalSection
EndGlobal
